# This file is generated by running "yarn install" inside your project.
# Manual changes might be lost - proceed with caution!

__metadata:
  version: 8
  cacheKey: 10c0

"stoplight-express-custom@npm:^0.2.0, stoplight-express-custom@workspace:.":
  version: 0.0.0-use.local
  resolution: "stoplight-express-custom@workspace:."
  dependencies:
    stoplight-express-custom: "npm:^0.2.0"
  peerDependencies:
    express: ">=4"
  languageName: unknown
  linkType: soft
